// !$*UTF8*$!
{
	archiveVersion = 1;
	classes = {
	};
	objectVersion = 46;
	objects = {

/* Begin PBXBuildFile section */
		8F83D0F619CD53E5007EE9E8 /* Cocoa.framework in Frameworks */ = {isa = PBXBuildFile; fileRef = 8F83D0F519CD53E5007EE9E8 /* Cocoa.framework */; };
		8F83D10019CD53E5007EE9E8 /* InfoPlist.strings in Resources */ = {isa = PBXBuildFile; fileRef = 8F83D0FE19CD53E5007EE9E8 /* InfoPlist.strings */; };
		8F83D10219CD53E5007EE9E8 /* main.m in Sources */ = {isa = PBXBuildFile; fileRef = 8F83D10119CD53E5007EE9E8 /* main.m */; };
		8F83D10619CD53E5007EE9E8 /* Credits.rtf in Resources */ = {isa = PBXBuildFile; fileRef = 8F83D10419CD53E5007EE9E8 /* Credits.rtf */; };
		8F83D10919CD53E5007EE9E8 /* AppDelegate.m in Sources */ = {isa = PBXBuildFile; fileRef = 8F83D10819CD53E5007EE9E8 /* AppDelegate.m */; };
		8F83D10C19CD53E6007EE9E8 /* MainMenu.xib in Resources */ = {isa = PBXBuildFile; fileRef = 8F83D10A19CD53E6007EE9E8 /* MainMenu.xib */; };
		8F83D10E19CD53E6007EE9E8 /* Images.xcassets in Resources */ = {isa = PBXBuildFile; fileRef = 8F83D10D19CD53E6007EE9E8 /* Images.xcassets */; };
		8F83D11519CD53E6007EE9E8 /* XCTest.framework in Frameworks */ = {isa = PBXBuildFile; fileRef = 8F83D11419CD53E6007EE9E8 /* XCTest.framework */; };
		8F83D11619CD53E6007EE9E8 /* Cocoa.framework in Frameworks */ = {isa = PBXBuildFile; fileRef = 8F83D0F519CD53E5007EE9E8 /* Cocoa.framework */; };
		8F83D11E19CD53E6007EE9E8 /* InfoPlist.strings in Resources */ = {isa = PBXBuildFile; fileRef = 8F83D11C19CD53E6007EE9E8 /* InfoPlist.strings */; };
		8F83D12019CD53E6007EE9E8 /* HackMapTests.m in Sources */ = {isa = PBXBuildFile; fileRef = 8F83D11F19CD53E6007EE9E8 /* HackMapTests.m */; };
/* End PBXBuildFile section */

/* Begin PBXContainerItemProxy section */
		8F83D11719CD53E6007EE9E8 /* PBXContainerItemProxy */ = {
			isa = PBXContainerItemProxy;
			containerPortal = 8F83D0EA19CD53E5007EE9E8 /* Project object */;
			proxyType = 1;
			remoteGlobalIDString = 8F83D0F119CD53E5007EE9E8;
			remoteInfo = HackMap;
		};
/* End PBXContainerItemProxy section */

/* Begin PBXFileReference section */
		8F83D0F219CD53E5007EE9E8 /* HackMap.app */ = {isa = PBXFileReference; explicitFileType = wrapper.application; includeInIndex = 0; path = HackMap.app; sourceTree = BUILT_PRODUCTS_DIR; };
		8F83D0F519CD53E5007EE9E8 /* Cocoa.framework */ = {isa = PBXFileReference; lastKnownFileType = wrapper.framework; name = Cocoa.framework; path = System/Library/Frameworks/Cocoa.framework; sourceTree = SDKROOT; };
		8F83D0F819CD53E5007EE9E8 /* AppKit.framework */ = {isa = PBXFileReference; lastKnownFileType = wrapper.framework; name = AppKit.framework; path = System/Library/Frameworks/AppKit.framework; sourceTree = SDKROOT; };
		8F83D0F919CD53E5007EE9E8 /* CoreData.framework */ = {isa = PBXFileReference; lastKnownFileType = wrapper.framework; name = CoreData.framework; path = System/Library/Frameworks/CoreData.framework; sourceTree = SDKROOT; };
		8F83D0FA19CD53E5007EE9E8 /* Foundation.framework */ = {isa = PBXFileReference; lastKnownFileType = wrapper.framework; name = Foundation.framework; path = System/Library/Frameworks/Foundation.framework; sourceTree = SDKROOT; };
		8F83D0FD19CD53E5007EE9E8 /* HackMap-Info.plist */ = {isa = PBXFileReference; lastKnownFileType = text.plist.xml; path = "HackMap-Info.plist"; sourceTree = "<group>"; };
		8F83D0FF19CD53E5007EE9E8 /* en */ = {isa = PBXFileReference; lastKnownFileType = text.plist.strings; name = en; path = en.lproj/InfoPlist.strings; sourceTree = "<group>"; };
		8F83D10119CD53E5007EE9E8 /* main.m */ = {isa = PBXFileReference; lastKnownFileType = sourcecode.c.objc; path = main.m; sourceTree = "<group>"; };
		8F83D10319CD53E5007EE9E8 /* HackMap-Prefix.pch */ = {isa = PBXFileReference; lastKnownFileType = sourcecode.c.h; path = "HackMap-Prefix.pch"; sourceTree = "<group>"; };
		8F83D10519CD53E5007EE9E8 /* en */ = {isa = PBXFileReference; lastKnownFileType = text.rtf; name = en; path = en.lproj/Credits.rtf; sourceTree = "<group>"; };
		8F83D10719CD53E5007EE9E8 /* AppDelegate.h */ = {isa = PBXFileReference; lastKnownFileType = sourcecode.c.h; path = AppDelegate.h; sourceTree = "<group>"; };
		8F83D10819CD53E5007EE9E8 /* AppDelegate.m */ = {isa = PBXFileReference; lastKnownFileType = sourcecode.c.objc; path = AppDelegate.m; sourceTree = "<group>"; };
		8F83D10B19CD53E6007EE9E8 /* Base */ = {isa = PBXFileReference; lastKnownFileType = file.xib; name = Base; path = Base.lproj/MainMenu.xib; sourceTree = "<group>"; };
		8F83D10D19CD53E6007EE9E8 /* Images.xcassets */ = {isa = PBXFileReference; lastKnownFileType = folder.assetcatalog; path = Images.xcassets; sourceTree = "<group>"; };
		8F83D11319CD53E6007EE9E8 /* HackMapTests.xctest */ = {isa = PBXFileReference; explicitFileType = wrapper.cfbundle; includeInIndex = 0; path = HackMapTests.xctest; sourceTree = BUILT_PRODUCTS_DIR; };
		8F83D11419CD53E6007EE9E8 /* XCTest.framework */ = {isa = PBXFileReference; lastKnownFileType = wrapper.framework; name = XCTest.framework; path = Library/Frameworks/XCTest.framework; sourceTree = DEVELOPER_DIR; };
		8F83D11B19CD53E6007EE9E8 /* HackMapTests-Info.plist */ = {isa = PBXFileReference; lastKnownFileType = text.plist.xml; path = "HackMapTests-Info.plist"; sourceTree = "<group>"; };
		8F83D11D19CD53E6007EE9E8 /* en */ = {isa = PBXFileReference; lastKnownFileType = text.plist.strings; name = en; path = en.lproj/InfoPlist.strings; sourceTree = "<group>"; };
		8F83D11F19CD53E6007EE9E8 /* HackMapTests.m */ = {isa = PBXFileReference; lastKnownFileType = sourcecode.c.objc; path = HackMapTests.m; sourceTree = "<group>"; };
/* End PBXFileReference section */

/* Begin PBXFrameworksBuildPhase section */
		8F83D0EF19CD53E5007EE9E8 /* Frameworks */ = {
			isa = PBXFrameworksBuildPhase;
			buildActionMask = 2147483647;
			files = (
				8F83D0F619CD53E5007EE9E8 /* Cocoa.framework in Frameworks */,
			);
			runOnlyForDeploymentPostprocessing = 0;
		};
		8F83D11019CD53E6007EE9E8 /* Frameworks */ = {
			isa = PBXFrameworksBuildPhase;
			buildActionMask = 2147483647;
			files = (
				8F83D11619CD53E6007EE9E8 /* Cocoa.framework in Frameworks */,
				8F83D11519CD53E6007EE9E8 /* XCTest.framework in Frameworks */,
			);
			runOnlyForDeploymentPostprocessing = 0;
		};
/* End PBXFrameworksBuildPhase section */

/* Begin PBXGroup section */
		8F83D0E919CD53E5007EE9E8 = {
			isa = PBXGroup;
			children = (
				8F83D0FB19CD53E5007EE9E8 /* HackMap */,
				8F83D11919CD53E6007EE9E8 /* HackMapTests */,
				8F83D0F419CD53E5007EE9E8 /* Frameworks */,
				8F83D0F319CD53E5007EE9E8 /* Products */,
			);
			sourceTree = "<group>";
		};
		8F83D0F319CD53E5007EE9E8 /* Products */ = {
			isa = PBXGroup;
			children = (
				8F83D0F219CD53E5007EE9E8 /* HackMap.app */,
				8F83D11319CD53E6007EE9E8 /* HackMapTests.xctest */,
			);
			name = Products;
			sourceTree = "<group>";
		};
		8F83D0F419CD53E5007EE9E8 /* Frameworks */ = {
			isa = PBXGroup;
			children = (
				8F83D0F519CD53E5007EE9E8 /* Cocoa.framework */,
				8F83D11419CD53E6007EE9E8 /* XCTest.framework */,
				8F83D0F719CD53E5007EE9E8 /* Other Frameworks */,
			);
			name = Frameworks;
			sourceTree = "<group>";
		};
		8F83D0F719CD53E5007EE9E8 /* Other Frameworks */ = {
			isa = PBXGroup;
			children = (
				8F83D0F819CD53E5007EE9E8 /* AppKit.framework */,
				8F83D0F919CD53E5007EE9E8 /* CoreData.framework */,
				8F83D0FA19CD53E5007EE9E8 /* Foundation.framework */,
			);
			name = "Other Frameworks";
			sourceTree = "<group>";
		};
		8F83D0FB19CD53E5007EE9E8 /* HackMap */ = {
			isa = PBXGroup;
			children = (
				8F83D10719CD53E5007EE9E8 /* AppDelegate.h */,
				8F83D10819CD53E5007EE9E8 /* AppDelegate.m */,
				8F83D10A19CD53E6007EE9E8 /* MainMenu.xib */,
				8F83D10D19CD53E6007EE9E8 /* Images.xcassets */,
				8F83D0FC19CD53E5007EE9E8 /* Supporting Files */,
			);
			path = HackMap;
			sourceTree = "<group>";
		};
		8F83D0FC19CD53E5007EE9E8 /* Supporting Files */ = {
			isa = PBXGroup;
			children = (
				8F83D0FD19CD53E5007EE9E8 /* HackMap-Info.plist */,
				8F83D0FE19CD53E5007EE9E8 /* InfoPlist.strings */,
				8F83D10119CD53E5007EE9E8 /* main.m */,
				8F83D10319CD53E5007EE9E8 /* HackMap-Prefix.pch */,
				8F83D10419CD53E5007EE9E8 /* Credits.rtf */,
			);
			name = "Supporting Files";
			sourceTree = "<group>";
		};
		8F83D11919CD53E6007EE9E8 /* HackMapTests */ = {
			isa = PBXGroup;
			children = (
				8F83D11F19CD53E6007EE9E8 /* HackMapTests.m */,
				8F83D11A19CD53E6007EE9E8 /* Supporting Files */,
			);
			path = HackMapTests;
			sourceTree = "<group>";
		};
		8F83D11A19CD53E6007EE9E8 /* Supporting Files */ = {
			isa = PBXGroup;
			children = (
				8F83D11B19CD53E6007EE9E8 /* HackMapTests-Info.plist */,
				8F83D11C19CD53E6007EE9E8 /* InfoPlist.strings */,
			);
			name = "Supporting Files";
			sourceTree = "<group>";
		};
/* End PBXGroup section */

/* Begin PBXNativeTarget section */
		8F83D0F119CD53E5007EE9E8 /* HackMap */ = {
			isa = PBXNativeTarget;
			buildConfigurationList = 8F83D12319CD53E6007EE9E8 /* Build configuration list for PBXNativeTarget "HackMap" */;
			buildPhases = (
				8F83D0EE19CD53E5007EE9E8 /* Sources */,
				8F83D0EF19CD53E5007EE9E8 /* Frameworks */,
				8F83D0F019CD53E5007EE9E8 /* Resources */,
			);
			buildRules = (
			);
			dependencies = (
			);
			name = HackMap;
			productName = HackMap;
			productReference = 8F83D0F219CD53E5007EE9E8 /* HackMap.app */;
			productType = "com.apple.product-type.application";
		};
		8F83D11219CD53E6007EE9E8 /* HackMapTests */ = {
			isa = PBXNativeTarget;
			buildConfigurationList = 8F83D12619CD53E6007EE9E8 /* Build configuration list for PBXNativeTarget "HackMapTests" */;
			buildPhases = (
				8F83D10F19CD53E6007EE9E8 /* Sources */,
				8F83D11019CD53E6007EE9E8 /* Frameworks */,
				8F83D11119CD53E6007EE9E8 /* Resources */,
			);
			buildRules = (
			);
			dependencies = (
				8F83D11819CD53E6007EE9E8 /* PBXTargetDependency */,
			);
			name = HackMapTests;
			productName = HackMapTests;
			productReference = 8F83D11319CD53E6007EE9E8 /* HackMapTests.xctest */;
			productType = "com.apple.product-type.bundle.unit-test";
		};
/* End PBXNativeTarget section */

/* Begin PBXProject section */
		8F83D0EA19CD53E5007EE9E8 /* Project object */ = {
			isa = PBXProject;
			attributes = {
				LastUpgradeCheck = 0510;
				ORGANIZATIONNAME = "Jenna Godwin";
				TargetAttributes = {
					8F83D11219CD53E6007EE9E8 = {
						TestTargetID = 8F83D0F119CD53E5007EE9E8;
					};
				};
			};
			buildConfigurationList = 8F83D0ED19CD53E5007EE9E8 /* Build configuration list for PBXProject "HackMap" */;
			compatibilityVersion = "Xcode 3.2";
			developmentRegion = English;
			hasScannedForEncodings = 0;
			knownRegions = (
				en,
				Base,
			);
			mainGroup = 8F83D0E919CD53E5007EE9E8;
			productRefGroup = 8F83D0F319CD53E5007EE9E8 /* Products */;
			projectDirPath = "";
			projectRoot = "";
			targets = (
				8F83D0F119CD53E5007EE9E8 /* HackMap */,
				8F83D11219CD53E6007EE9E8 /* HackMapTests */,
			);
		};
/* End PBXProject section */

/* Begin PBXResourcesBuildPhase section */
		8F83D0F019CD53E5007EE9E8 /* Resources */ = {
			isa = PBXResourcesBuildPhase;
			buildActionMask = 2147483647;
			files = (
				8F83D10019CD53E5007EE9E8 /* InfoPlist.strings in Resources */,
				8F83D10E19CD53E6007EE9E8 /* Images.xcassets in Resources */,
				8F83D10619CD53E5007EE9E8 /* Credits.rtf in Resources */,
				8F83D10C19CD53E6007EE9E8 /* MainMenu.xib in Resources */,
			);
			runOnlyForDeploymentPostprocessing = 0;
		};
		8F83D11119CD53E6007EE9E8 /* Resources */ = {
			isa = PBXResourcesBuildPhase;
			buildActionMask = 2147483647;
			files = (
				8F83D11E19CD53E6007EE9E8 /* InfoPlist.strings in Resources */,
			);
			runOnlyForDeploymentPostprocessing = 0;
		};
/* End PBXResourcesBuildPhase section */

/* Begin PBXSourcesBuildPhase section */
		8F83D0EE19CD53E5007EE9E8 /* Sources */ = {
			isa = PBXSourcesBuildPhase;
			buildActionMask = 2147483647;
			files = (
				8F83D10919CD53E5007EE9E8 /* AppDelegate.m in Sources */,
				8F83D10219CD53E5007EE9E8 /* main.m in Sources */,
			);
			runOnlyForDeploymentPostprocessing = 0;
		};
		8F83D10F19CD53E6007EE9E8 /* Sources */ = {
			isa = PBXSourcesBuildPhase;
			buildActionMask = 2147483647;
			files = (
				8F83D12019CD53E6007EE9E8 /* HackMapTests.m in Sources */,
			);
			runOnlyForDeploymentPostprocessing = 0;
		};
/* End PBXSourcesBuildPhase section */

/* Begin PBXTargetDependency section */
		8F83D11819CD53E6007EE9E8 /* PBXTargetDependency */ = {
			isa = PBXTargetDependency;
			target = 8F83D0F119CD53E5007EE9E8 /* HackMap */;
			targetProxy = 8F83D11719CD53E6007EE9E8 /* PBXContainerItemProxy */;
		};
/* End PBXTargetDependency section */

/* Begin PBXVariantGroup section */
		8F83D0FE19CD53E5007EE9E8 /* InfoPlist.strings */ = {
			isa = PBXVariantGroup;
			children = (
				8F83D0FF19CD53E5007EE9E8 /* en */,
			);
			name = InfoPlist.strings;
			sourceTree = "<group>";
		};
		8F83D10419CD53E5007EE9E8 /* Credits.rtf */ = {
			isa = PBXVariantGroup;
			children = (
				8F83D10519CD53E5007EE9E8 /* en */,
			);
			name = Credits.rtf;
			sourceTree = "<group>";
		};
		8F83D10A19CD53E6007EE9E8 /* MainMenu.xib */ = {
			isa = PBXVariantGroup;
			children = (
				8F83D10B19CD53E6007EE9E8 /* Base */,
			);
			name = MainMenu.xib;
			sourceTree = "<group>";
		};
		8F83D11C19CD53E6007EE9E8 /* InfoPlist.strings */ = {
			isa = PBXVariantGroup;
			children = (
				8F83D11D19CD53E6007EE9E8 /* en */,
			);
			name = InfoPlist.strings;
			sourceTree = "<group>";
		};
/* End PBXVariantGroup section */

/* Begin XCBuildConfiguration section */
		8F83D12119CD53E6007EE9E8 /* Debug */ = {
			isa = XCBuildConfiguration;
			buildSettings = {
				ALWAYS_SEARCH_USER_PATHS = NO;
				CLANG_CXX_LANGUAGE_STANDARD = "gnu++0x";
				CLANG_CXX_LIBRARY = "libc++";
				CLANG_ENABLE_MODULES = YES;
				CLANG_ENABLE_OBJC_ARC = YES;
				CLANG_WARN_BOOL_CONVERSION = YES;
				CLANG_WARN_CONSTANT_CONVERSION = YES;
				CLANG_WARN_DIRECT_OBJC_ISA_USAGE = YES_ERROR;
				CLANG_WARN_EMPTY_BODY = YES;
				CLANG_WARN_ENUM_CONVERSION = YES;
				CLANG_WARN_INT_CONVERSION = YES;
				CLANG_WARN_OBJC_ROOT_CLASS = YES_ERROR;
				CLANG_WARN__DUPLICATE_METHOD_MATCH = YES;
				COPY_PHASE_STRIP = NO;
				GCC_C_LANGUAGE_STANDARD = gnu99;
				GCC_DYNAMIC_NO_PIC = NO;
				GCC_ENABLE_OBJC_EXCEPTIONS = YES;
				GCC_OPTIMIZATION_LEVEL = 0;
				GCC_PREPROCESSOR_DEFINITIONS = (
					"DEBUG=1",
					"$(inherited)",
				);
				GCC_SYMBOLS_PRIVATE_EXTERN = NO;
				GCC_WARN_64_TO_32_BIT_CONVERSION = YES;
				GCC_WARN_ABOUT_RETURN_TYPE = YES_ERROR;
				GCC_WARN_UNDECLARED_SELECTOR = YES;
				GCC_WARN_UNINITIALIZED_AUTOS = YES_AGGRESSIVE;
				GCC_WARN_UNUSED_FUNCTION = YES;
				GCC_WARN_UNUSED_VARIABLE = YES;
				MACOSX_DEPLOYMENT_TARGET = 10.9;
				ONLY_ACTIVE_ARCH = YES;
				SDKROOT = macosx;
			};
			name = Debug;
		};
		8F83D12219CD53E6007EE9E8 /* Release */ = {
			isa = XCBuildConfiguration;
			buildSettings = {
				ALWAYS_SEARCH_USER_PATHS = NO;
				CLANG_CXX_LANGUAGE_STANDARD = "gnu++0x";
				CLANG_CXX_LIBRARY = "libc++";
				CLANG_ENABLE_MODULES = YES;
				CLANG_ENABLE_OBJC_ARC = YES;
				CLANG_WARN_BOOL_CONVERSION = YES;
				CLANG_WARN_CONSTANT_CONVERSION = YES;
				CLANG_WARN_DIRECT_OBJC_ISA_USAGE = YES_ERROR;
				CLANG_WARN_EMPTY_BODY = YES;
				CLANG_WARN_ENUM_CONVERSION = YES;
				CLANG_WARN_INT_CONVERSION = YES;
				CLANG_WARN_OBJC_ROOT_CLASS = YES_ERROR;
				CLANG_WARN__DUPLICATE_METHOD_MATCH = YES;
				COPY_PHASE_STRIP = YES;
				DEBUG_INFORMATION_FORMAT = "dwarf-with-dsym";
				ENABLE_NS_ASSERTIONS = NO;
				GCC_C_LANGUAGE_STANDARD = gnu99;
				GCC_ENABLE_OBJC_EXCEPTIONS = YES;
				GCC_WARN_64_TO_32_BIT_CONVERSION = YES;
				GCC_WARN_ABOUT_RETURN_TYPE = YES_ERROR;
				GCC_WARN_UNDECLARED_SELECTOR = YES;
				GCC_WARN_UNINITIALIZED_AUTOS = YES_AGGRESSIVE;
				GCC_WARN_UNUSED_FUNCTION = YES;
				GCC_WARN_UNUSED_VARIABLE = YES;
				MACOSX_DEPLOYMENT_TARGET = 10.9;
				SDKROOT = macosx;
			};
			name = Release;
		};
		8F83D12419CD53E6007EE9E8 /* Debug */ = {
			isa = XCBuildConfiguration;
			buildSettings = {
				ASSETCATALOG_COMPILER_APPICON_NAME = AppIcon;
				COMBINE_HIDPI_IMAGES = YES;
				GCC_PRECOMPILE_PREFIX_HEADER = YES;
				GCC_PREFIX_HEADER = "HackMap/HackMap-Prefix.pch";
				INFOPLIST_FILE = "HackMap/HackMap-Info.plist";
				PRODUCT_NAME = "$(TARGET_NAME)";
				WRAPPER_EXTENSION = app;
			};
			name = Debug;
		};
		8F83D12519CD53E6007EE9E8 /* Release */ = {
			isa = XCBuildConfiguration;
			buildSettings = {
				ASSETCATALOG_COMPILER_APPICON_NAME = AppIcon;
				COMBINE_HIDPI_IMAGES = YES;
				GCC_PRECOMPILE_PREFIX_HEADER = YES;
				GCC_PREFIX_HEADER = "HackMap/HackMap-Prefix.pch";
				INFOPLIST_FILE = "HackMap/HackMap-Info.plist";
				PRODUCT_NAME = "$(TARGET_NAME)";
				WRAPPER_EXTENSION = app;
			};
			name = Release;
		};
		8F83D12719CD53E6007EE9E8 /* Debug */ = {
			isa = XCBuildConfiguration;
			buildSettings = {
				BUNDLE_LOADER = "$(BUILT_PRODUCTS_DIR)/HackMap.app/Contents/MacOS/HackMap";
				COMBINE_HIDPI_IMAGES = YES;
				FRAMEWORK_SEARCH_PATHS = (
					"$(DEVELOPER_FRAMEWORKS_DIR)",
					"$(inherited)",
				);
				GCC_PRECOMPILE_PREFIX_HEADER = YES;
				GCC_PREFIX_HEADER = "HackMap/HackMap-Prefix.pch";
				GCC_PREPROCESSOR_DEFINITIONS = (
					"DEBUG=1",
					"$(inherited)",
				);
				INFOPLIST_FILE = "HackMapTests/HackMapTests-Info.plist";
				PRODUCT_NAME = "$(TARGET_NAME)";
				TEST_HOST = "$(BUNDLE_LOADER)";
				WRAPPER_EXTENSION = xctest;
			};
			name = Debug;
		};
		8F83D12819CD53E6007EE9E8 /* Release */ = {
			isa = XCBuildConfiguration;
			buildSettings = {
				BUNDLE_LOADER = "$(BUILT_PRODUCTS_DIR)/HackMap.app/Contents/MacOS/HackMap";
				COMBINE_HIDPI_IMAGES = YES;
				FRAMEWORK_SEARCH_PATHS = (
					"$(DEVELOPER_FRAMEWORKS_DIR)",
					"$(inherited)",
				);
				GCC_PRECOMPILE_PREFIX_HEADER = YES;
				GCC_PREFIX_HEADER = "HackMap/HackMap-Prefix.pch";
				INFOPLIST_FILE = "HackMapTests/HackMapTests-Info.plist";
				PRODUCT_NAME = "$(TARGET_NAME)";
				TEST_HOST = "$(BUNDLE_LOADER)";
				WRAPPER_EXTENSION = xctest;
			};
			name = Release;
		};
/* End XCBuildConfiguration section */

/* Begin XCConfigurationList section */
		8F83D0ED19CD53E5007EE9E8 /* Build configuration list for PBXProject "HackMap" */ = {
			isa = XCConfigurationList;
			buildConfigurations = (
				8F83D12119CD53E6007EE9E8 /* Debug */,
				8F83D12219CD53E6007EE9E8 /* Release */,
			);
			defaultConfigurationIsVisible = 0;
			defaultConfigurationName = Release;
		};
		8F83D12319CD53E6007EE9E8 /* Build configuration list for PBXNativeTarget "HackMap" */ = {
			isa = XCConfigurationList;
			buildConfigurations = (
				8F83D12419CD53E6007EE9E8 /* Debug */,
				8F83D12519CD53E6007EE9E8 /* Release */,
			);
			defaultConfigurationIsVisible = 0;
		};
		8F83D12619CD53E6007EE9E8 /* Build configuration list for PBXNativeTarget "HackMapTests" */ = {
			isa = XCConfigurationList;
			buildConfigurations = (
				8F83D12719CD53E6007EE9E8 /* Debug */,
				8F83D12819CD53E6007EE9E8 /* Release */,
			);
			defaultConfigurationIsVisible = 0;
		};
/* End XCConfigurationList section */
	};
	rootObject = 8F83D0EA19CD53E5007EE9E8 /* Project object */;
}
